
Microsoft Visual Studio Solution File, Format Version 12.00
# Visual Studio Version 16
VisualStudioVersion = 16.0.30804.86
MinimumVisualStudioVersion = 10.0.40219.1
Project("{FAE04EC0-301F-11D3-BF4B-00C04F79EFBC}") = "IitrustParser", "IitrustParser\IitrustParser.csproj", "{317A93B3-D07B-4C4D-BC63-1121F2590EDE}"
EndProject
Global
	GlobalSection(SolutionConfigurationPlatforms) = preSolution
		Debug|Any CPU = Debug|Any CPU
		Release|Any CPU = Release|Any CPU
	EndGlobalSection
	GlobalSection(ProjectConfigurationPlatforms) = postSolution
		{317A93B3-D07B-4C4D-BC63-1121F2590EDE}.Debug|Any CPU.ActiveCfg = Debug|Any CPU
		{317A93B3-D07B-4C4D-BC63-1121F2590EDE}.Debug|Any CPU.Build.0 = Debug|Any CPU
		{317A93B3-D07B-4C4D-BC63-1121F2590EDE}.Release|Any CPU.ActiveCfg = Release|Any CPU
		{317A93B3-D07B-4C4D-BC63-1121F2590EDE}.Release|Any CPU.Build.0 = Release|Any CPU
	EndGlobalSection
	GlobalSection(SolutionProperties) = preSolution
		HideSolutionNode = FALSE
	EndGlobalSection
	GlobalSection(ExtensibilityGlobals) = postSolution
		SolutionGuid = {82A0F88C-7CC3-42BA-9604-E621B017B456}
	EndGlobalSection
EndGlobal
